// !$*UTF8*$!
{
	archiveVersion = 1;
	classes = {
	};
	objectVersion = 50;
	objects = {

/* Begin PBXBuildFile section */
		BC6C46CF20E7D4FF00BDB5A8 /* AppDelegate.swift in Sources */ = {isa = PBXBuildFile; fileRef = BC6C46CE20E7D4FF00BDB5A8 /* AppDelegate.swift */; };
		BC6C46D120E7D4FF00BDB5A8 /* ViewController.swift in Sources */ = {isa = PBXBuildFile; fileRef = BC6C46D020E7D4FF00BDB5A8 /* ViewController.swift */; };
		BC6C46D420E7D4FF00BDB5A8 /* Main.storyboard in Resources */ = {isa = PBXBuildFile; fileRef = BC6C46D220E7D4FF00BDB5A8 /* Main.storyboard */; };
		BC6C46D620E7D50600BDB5A8 /* Assets.xcassets in Resources */ = {isa = PBXBuildFile; fileRef = BC6C46D520E7D50600BDB5A8 /* Assets.xcassets */; };
		BC6C46D920E7D50600BDB5A8 /* LaunchScreen.storyboard in Resources */ = {isa = PBXBuildFile; fileRef = BC6C46D720E7D50600BDB5A8 /* LaunchScreen.storyboard */; };
/* End PBXBuildFile section */

/* Begin PBXCopyFilesBuildPhase section */
		BC6C46F720E7F95E00BDB5A8 /* Embed App Extensions */ = {
			isa = PBXCopyFilesBuildPhase;
			buildActionMask = 2147483647;
			dstPath = "";
			dstSubfolderSpec = 13;
			files = (
			);
			name = "Embed App Extensions";
			runOnlyForDeploymentPostprocessing = 0;
		};
/* End PBXCopyFilesBuildPhase section */

/* Begin PBXFileReference section */
		BC6C46CB20E7D4FF00BDB5A8 /* New iOS 12 Notifications.app */ = {isa = PBXFileReference; explicitFileType = wrapper.application; includeInIndex = 0; path = "New iOS 12 Notifications.app"; sourceTree = BUILT_PRODUCTS_DIR; };
		BC6C46CE20E7D4FF00BDB5A8 /* AppDelegate.swift */ = {isa = PBXFileReference; lastKnownFileType = sourcecode.swift; path = AppDelegate.swift; sourceTree = "<group>"; };
		BC6C46D020E7D4FF00BDB5A8 /* ViewController.swift */ = {isa = PBXFileReference; lastKnownFileType = sourcecode.swift; path = ViewController.swift; sourceTree = "<group>"; };
		BC6C46D320E7D4FF00BDB5A8 /* Base */ = {isa = PBXFileReference; lastKnownFileType = file.storyboard; name = Base; path = Base.lproj/Main.storyboard; sourceTree = "<group>"; };
		BC6C46D520E7D50600BDB5A8 /* Assets.xcassets */ = {isa = PBXFileReference; lastKnownFileType = folder.assetcatalog; path = Assets.xcassets; sourceTree = "<group>"; };
		BC6C46D820E7D50600BDB5A8 /* Base */ = {isa = PBXFileReference; lastKnownFileType = file.storyboard; name = Base; path = Base.lproj/LaunchScreen.storyboard; sourceTree = "<group>"; };
		BC6C46DA20E7D50600BDB5A8 /* Info.plist */ = {isa = PBXFileReference; lastKnownFileType = text.plist.xml; path = Info.plist; sourceTree = "<group>"; };
		BC6C46E620E7F95E00BDB5A8 /* UserNotifications.framework */ = {isa = PBXFileReference; lastKnownFileType = wrapper.framework; name = UserNotifications.framework; path = System/Library/Frameworks/UserNotifications.framework; sourceTree = SDKROOT; };
		BC6C46E820E7F95E00BDB5A8 /* UserNotificationsUI.framework */ = {isa = PBXFileReference; lastKnownFileType = wrapper.framework; name = UserNotificationsUI.framework; path = System/Library/Frameworks/UserNotificationsUI.framework; sourceTree = SDKROOT; };
/* End PBXFileReference section */

/* Begin PBXFrameworksBuildPhase section */
		BC6C46C820E7D4FF00BDB5A8 /* Frameworks */ = {
			isa = PBXFrameworksBuildPhase;
			buildActionMask = 2147483647;
			files = (
			);
			runOnlyForDeploymentPostprocessing = 0;
		};
/* End PBXFrameworksBuildPhase section */

/* Begin PBXGroup section */
		BC6C46C220E7D4FF00BDB5A8 = {
			isa = PBXGroup;
			children = (
				BC6C46CD20E7D4FF00BDB5A8 /* New iOS 12 Notifications */,
				BC6C46E520E7F95E00BDB5A8 /* Frameworks */,
				BC6C46CC20E7D4FF00BDB5A8 /* Products */,
			);
			sourceTree = "<group>";
		};
		BC6C46CC20E7D4FF00BDB5A8 /* Products */ = {
			isa = PBXGroup;
			children = (
				BC6C46CB20E7D4FF00BDB5A8 /* New iOS 12 Notifications.app */,
			);
			name = Products;
			sourceTree = "<group>";
		};
		BC6C46CD20E7D4FF00BDB5A8 /* New iOS 12 Notifications */ = {
			isa = PBXGroup;
			children = (
				BC6C46CE20E7D4FF00BDB5A8 /* AppDelegate.swift */,
				BC6C46D020E7D4FF00BDB5A8 /* ViewController.swift */,
				BC6C46D220E7D4FF00BDB5A8 /* Main.storyboard */,
				BC6C46D520E7D50600BDB5A8 /* Assets.xcassets */,
				BC6C46D720E7D50600BDB5A8 /* LaunchScreen.storyboard */,
				BC6C46DA20E7D50600BDB5A8 /* Info.plist */,
			);
			path = "New iOS 12 Notifications";
			sourceTree = "<group>";
		};
		BC6C46E520E7F95E00BDB5A8 /* Frameworks */ = {
			isa = PBXGroup;
			children = (
				BC6C46E620E7F95E00BDB5A8 /* UserNotifications.framework */,
				BC6C46E820E7F95E00BDB5A8 /* UserNotificationsUI.framework */,
			);
			name = Frameworks;
			sourceTree = "<group>";
		};
/* End PBXGroup section */

/* Begin PBXNativeTarget section */
		BC6C46CA20E7D4FF00BDB5A8 /* New iOS 12 Notifications */ = {
			isa = PBXNativeTarget;
			buildConfigurationList = BC6C46DD20E7D50600BDB5A8 /* Build configuration list for PBXNativeTarget "New iOS 12 Notifications" */;
			buildPhases = (
				BC6C46C720E7D4FF00BDB5A8 /* Sources */,
				BC6C46C820E7D4FF00BDB5A8 /* Frameworks */,
				BC6C46C920E7D4FF00BDB5A8 /* Resources */,
				BC6C46F720E7F95E00BDB5A8 /* Embed App Extensions */,
			);
			buildRules = (
			);
			dependencies = (
			);
			name = "New iOS 12 Notifications";
			productName = "New iOS 12 Notifications";
			productReference = BC6C46CB20E7D4FF00BDB5A8 /* New iOS 12 Notifications.app */;
			productType = "com.apple.product-type.application";
		};
/* End PBXNativeTarget section */

/* Begin PBXProject section */
		BC6C46C320E7D4FF00BDB5A8 /* Project object */ = {
			isa = PBXProject;
			attributes = {
				LastSwiftUpdateCheck = 1000;
				LastUpgradeCheck = 1000;
				ORGANIZATIONNAME = "Andrew Jaffee";
				TargetAttributes = {
					BC6C46CA20E7D4FF00BDB5A8 = {
						CreatedOnToolsVersion = 10.0;
					};
				};
			};
			buildConfigurationList = BC6C46C620E7D4FF00BDB5A8 /* Build configuration list for PBXProject "New iOS 12 Notifications" */;
			compatibilityVersion = "Xcode 9.3";
			developmentRegion = en;
			hasScannedForEncodings = 0;
			knownRegions = (
				en,
				Base,
			);
			mainGroup = BC6C46C220E7D4FF00BDB5A8;
			productRefGroup = BC6C46CC20E7D4FF00BDB5A8 /* Products */;
			projectDirPath = "";
			projectRoot = "";
			targets = (
				BC6C46CA20E7D4FF00BDB5A8 /* New iOS 12 Notifications */,
			);
		};
/* End PBXProject section */

/* Begin PBXResourcesBuildPhase section */
		BC6C46C920E7D4FF00BDB5A8 /* Resources */ = {
			isa = PBXResourcesBuildPhase;
			buildActionMask = 2147483647;
			files = (
				BC6C46D920E7D50600BDB5A8 /* LaunchScreen.storyboard in Resources */,
				BC6C46D620E7D50600BDB5A8 /* Assets.xcassets in Resources */,
				BC6C46D420E7D4FF00BDB5A8 /* Main.storyboard in Resources */,
			);
			runOnlyForDeploymentPostprocessing = 0;
		};
/* End PBXResourcesBuildPhase section */

/* Begin PBXSourcesBuildPhase section */
		BC6C46C720E7D4FF00BDB5A8 /* Sources */ = {
			isa = PBXSourcesBuildPhase;
			buildActionMask = 2147483647;
			files = (
				BC6C46D120E7D4FF00BDB5A8 /* ViewController.swift in Sources */,
				BC6C46CF20E7D4FF00BDB5A8 /* AppDelegate.swift in Sources */,
			);
			runOnlyForDeploymentPostprocessing = 0;
		};
/* End PBXSourcesBuildPhase section */

/* Begin PBXVariantGroup section */
		BC6C46D220E7D4FF00BDB5A8 /* Main.storyboard */ = {
			isa = PBXVariantGroup;
			children = (
				BC6C46D320E7D4FF00BDB5A8 /* Base */,
			);
			name = Main.storyboard;
			sourceTree = "<group>";
		};
		BC6C46D720E7D50600BDB5A8 /* LaunchScreen.storyboard */ = {
			isa = PBXVariantGroup;
			children = (
				BC6C46D820E7D50600BDB5A8 /* Base */,
			);
			name = LaunchScreen.storyboard;
			sourceTree = "<group>";
		};
/* End PBXVariantGroup section */

/* Begin XCBuildConfiguration section */
		BC6C46DB20E7D50600BDB5A8 /* Debug */ = {
			isa = XCBuildConfiguration;
			buildSettings = {
				ALWAYS_SEARCH_USER_PATHS = NO;
				CLANG_ANALYZER_NONNULL = YES;
				CLANG_ANALYZER_NUMBER_OBJECT_CONVERSION = YES_AGGRESSIVE;
				CLANG_CXX_LANGUAGE_STANDARD = "gnu++14";
				CLANG_CXX_LIBRARY = "libc++";
				CLANG_ENABLE_MODULES = YES;
				CLANG_ENABLE_OBJC_ARC = YES;
				CLANG_ENABLE_OBJC_WEAK = YES;
				CLANG_WARN_BLOCK_CAPTURE_AUTORELEASING = YES;
				CLANG_WARN_BOOL_CONVERSION = YES;
				CLANG_WARN_COMMA = YES;
				CLANG_WARN_CONSTANT_CONVERSION = YES;
				CLANG_WARN_DEPRECATED_OBJC_IMPLEMENTATIONS = YES;
				CLANG_WARN_DIRECT_OBJC_ISA_USAGE = YES_ERROR;
				CLANG_WARN_DOCUMENTATION_COMMENTS = YES;
				CLANG_WARN_EMPTY_BODY = YES;
				CLANG_WARN_ENUM_CONVERSION = YES;
				CLANG_WARN_INFINITE_RECURSION = YES;
				CLANG_WARN_INT_CONVERSION = YES;
				CLANG_WARN_NON_LITERAL_NULL_CONVERSION = YES;
				CLANG_WARN_OBJC_IMPLICIT_RETAIN_SELF = YES;
				CLANG_WARN_OBJC_LITERAL_CONVERSION = YES;
				CLANG_WARN_OBJC_ROOT_CLASS = YES_ERROR;
				CLANG_WARN_RANGE_LOOP_ANALYSIS = YES;
				CLANG_WARN_STRICT_PROTOTYPES = YES;
				CLANG_WARN_SUSPICIOUS_MOVE = YES;
				CLANG_WARN_UNGUARDED_AVAILABILITY = YES_AGGRESSIVE;
				CLANG_WARN_UNREACHABLE_CODE = YES;
				CLANG_WARN__DUPLICATE_METHOD_MATCH = YES;
				CODE_SIGN_IDENTITY = "iPhone Developer";
				COPY_PHASE_STRIP = NO;
				DEBUG_INFORMATION_FORMAT = dwarf;
				ENABLE_STRICT_OBJC_MSGSEND = YES;
				ENABLE_TESTABILITY = YES;
				GCC_C_LANGUAGE_STANDARD = gnu11;
				GCC_DYNAMIC_NO_PIC = NO;
				GCC_NO_COMMON_BLOCKS = YES;
				GCC_OPTIMIZATION_LEVEL = 0;
				GCC_PREPROCESSOR_DEFINITIONS = (
					"DEBUG=1",
					"$(inherited)",
				);
				GCC_WARN_64_TO_32_BIT_CONVERSION = YES;
				GCC_WARN_ABOUT_RETURN_TYPE = YES_ERROR;
				GCC_WARN_UNDECLARED_SELECTOR = YES;
				GCC_WARN_UNINITIALIZED_AUTOS = YES_AGGRESSIVE;
				GCC_WARN_UNUSED_FUNCTION = YES;
				GCC_WARN_UNUSED_VARIABLE = YES;
				IPHONEOS_DEPLOYMENT_TARGET = 12.0;
				MTL_ENABLE_DEBUG_INFO = INCLUDE_SOURCE;
				ONLY_ACTIVE_ARCH = YES;
				SDKROOT = iphoneos;
				SWIFT_ACTIVE_COMPILATION_CONDITIONS = DEBUG;
				SWIFT_OPTIMIZATION_LEVEL = "-Onone";
			};
			name = Debug;
		};
		BC6C46DC20E7D50600BDB5A8 /* Release */ = {
			isa = XCBuildConfiguration;
			buildSettings = {
				ALWAYS_SEARCH_USER_PATHS = NO;
				CLANG_ANALYZER_NONNULL = YES;
				CLANG_ANALYZER_NUMBER_OBJECT_CONVERSION = YES_AGGRESSIVE;
				CLANG_CXX_LANGUAGE_STANDARD = "gnu++14";
				CLANG_CXX_LIBRARY = "libc++";
				CLANG_ENABLE_MODULES = YES;
				CLANG_ENABLE_OBJC_ARC = YES;
				CLANG_ENABLE_OBJC_WEAK = YES;
				CLANG_WARN_BLOCK_CAPTURE_AUTORELEASING = YES;
				CLANG_WARN_BOOL_CONVERSION = YES;
				CLANG_WARN_COMMA = YES;
				CLANG_WARN_CONSTANT_CONVERSION = YES;
				CLANG_WARN_DEPRECATED_OBJC_IMPLEMENTATIONS = YES;
				CLANG_WARN_DIRECT_OBJC_ISA_USAGE = YES_ERROR;
				CLANG_WARN_DOCUMENTATION_COMMENTS = YES;
				CLANG_WARN_EMPTY_BODY = YES;
				CLANG_WARN_ENUM_CONVERSION = YES;
				CLANG_WARN_INFINITE_RECURSION = YES;
				CLANG_WARN_INT_CONVERSION = YES;
				CLANG_WARN_NON_LITERAL_NULL_CONVERSION = YES;
				CLANG_WARN_OBJC_IMPLICIT_RETAIN_SELF = YES;
				CLANG_WARN_OBJC_LITERAL_CONVERSION = YES;
				CLANG_WARN_OBJC_ROOT_CLASS = YES_ERROR;
				CLANG_WARN_RANGE_LOOP_ANALYSIS = YES;
				CLANG_WARN_STRICT_PROTOTYPES = YES;
				CLANG_WARN_SUSPICIOUS_MOVE = YES;
				CLANG_WARN_UNGUARDED_AVAILABILITY = YES_AGGRESSIVE;
				CLANG_WARN_UNREACHABLE_CODE = YES;
				CLANG_WARN__DUPLICATE_METHOD_MATCH = YES;
				CODE_SIGN_IDENTITY = "iPhone Developer";
				COPY_PHASE_STRIP = NO;
				DEBUG_INFORMATION_FORMAT = "dwarf-with-dsym";
				ENABLE_NS_ASSERTIONS = NO;
				ENABLE_STRICT_OBJC_MSGSEND = YES;
				GCC_C_LANGUAGE_STANDARD = gnu11;
				GCC_NO_COMMON_BLOCKS = YES;
				GCC_WARN_64_TO_32_BIT_CONVERSION = YES;
				GCC_WARN_ABOUT_RETURN_TYPE = YES_ERROR;
				GCC_WARN_UNDECLARED_SELECTOR = YES;
				GCC_WARN_UNINITIALIZED_AUTOS = YES_AGGRESSIVE;
				GCC_WARN_UNUSED_FUNCTION = YES;
				GCC_WARN_UNUSED_VARIABLE = YES;
				IPHONEOS_DEPLOYMENT_TARGET = 12.0;
				MTL_ENABLE_DEBUG_INFO = NO;
				SDKROOT = iphoneos;
				SWIFT_COMPILATION_MODE = wholemodule;
				SWIFT_OPTIMIZATION_LEVEL = "-O";
				VALIDATE_PRODUCT = YES;
			};
			name = Release;
		};
		BC6C46DE20E7D50600BDB5A8 /* Debug */ = {
			isa = XCBuildConfiguration;
			buildSettings = {
				ASSETCATALOG_COMPILER_APPICON_NAME = AppIcon;
				CODE_SIGN_STYLE = Automatic;
				DEVELOPMENT_TEAM = "";
				INFOPLIST_FILE = "New iOS 12 Notifications/Info.plist";
				LD_RUNPATH_SEARCH_PATHS = (
					"$(inherited)",
					"@executable_path/Frameworks",
				);
				PRODUCT_BUNDLE_IDENTIFIER = "com.yourDomainNameHere.New-iOS-12-Notifications";
				PRODUCT_NAME = "$(TARGET_NAME)";
				SWIFT_VERSION = 4.2;
				TARGETED_DEVICE_FAMILY = "1,2";
			};
			name = Debug;
		};
		BC6C46DF20E7D50600BDB5A8 /* Release */ = {
			isa = XCBuildConfiguration;
			buildSettings = {
				ASSETCATALOG_COMPILER_APPICON_NAME = AppIcon;
				CODE_SIGN_STYLE = Automatic;
				DEVELOPMENT_TEAM = "";
				INFOPLIST_FILE = "New iOS 12 Notifications/Info.plist";
				LD_RUNPATH_SEARCH_PATHS = (
					"$(inherited)",
					"@executable_path/Frameworks",
				);
				PRODUCT_BUNDLE_IDENTIFIER = "com.yourDomainNameHere.New-iOS-12-Notifications";
				PRODUCT_NAME = "$(TARGET_NAME)";
				SWIFT_VERSION = 4.2;
				TARGETED_DEVICE_FAMILY = "1,2";
			};
			name = Release;
		};
/* End XCBuildConfiguration section */

/* Begin XCConfigurationList section */
		BC6C46C620E7D4FF00BDB5A8 /* Build configuration list for PBXProject "New iOS 12 Notifications" */ = {
			isa = XCConfigurationList;
			buildConfigurations = (
				BC6C46DB20E7D50600BDB5A8 /* Debug */,
				BC6C46DC20E7D50600BDB5A8 /* Release */,
			);
			defaultConfigurationIsVisible = 0;
			defaultConfigurationName = Release;
		};
		BC6C46DD20E7D50600BDB5A8 /* Build configuration list for PBXNativeTarget "New iOS 12 Notifications" */ = {
			isa = XCConfigurationList;
			buildConfigurations = (
				BC6C46DE20E7D50600BDB5A8 /* Debug */,
				BC6C46DF20E7D50600BDB5A8 /* Release */,
			);
			defaultConfigurationIsVisible = 0;
			defaultConfigurationName = Release;
		};
/* End XCConfigurationList section */
	};
	rootObject = BC6C46C320E7D4FF00BDB5A8 /* Project object */;
}
